
Microsoft Visual Studio Solution File, Format Version 12.00
# Visual Studio 15
Project("{FAE04EC0-301F-11D3-BF4B-00C04F79EFBC}") = "Assembly-CSharp", "Assembly-CSharp.csproj", "{FEE522B5-DCD7-56FE-B361-DABD0F6722CA}"
EndProject
Project("{FAE04EC0-301F-11D3-BF4B-00C04F79EFBC}") = "PhotonUnityNetworking.Demos", "PhotonUnityNetworking.Demos.csproj", "{7F972A8A-5FFC-1470-91A5-1BB7B05992C3}"
EndProject
Project("{FAE04EC0-301F-11D3-BF4B-00C04F79EFBC}") = "PhotonRealtime", "PhotonRealtime.csproj", "{2D2C1439-074F-20B7-7B19-F7617FC57E1F}"
EndProject
Project("{FAE04EC0-301F-11D3-BF4B-00C04F79EFBC}") = "PhotonUnityNetworking", "PhotonUnityNetworking.csproj", "{DBD70A5F-5CFF-EC81-A789-DDDBC9BBDE95}"
EndProject
Project("{FAE04EC0-301F-11D3-BF4B-00C04F79EFBC}") = "PhotonUnityNetworking.Utilities", "PhotonUnityNetworking.Utilities.csproj", "{3183D1BB-A3FB-5FFF-8441-3378E9EC3F07}"
EndProject
Project("{FAE04EC0-301F-11D3-BF4B-00C04F79EFBC}") = "PhotonChat", "PhotonChat.csproj", "{9C9C033C-166C-E5F2-6181-F34DBC837E7F}"
EndProject
Project("{FAE04EC0-301F-11D3-BF4B-00C04F79EFBC}") = "PhotonUnityNetworking.Editor", "PhotonUnityNetworking.Editor.csproj", "{0FFC82B1-B951-5D0C-4FC4-CF05C8D37097}"
EndProject
Project("{FAE04EC0-301F-11D3-BF4B-00C04F79EFBC}") = "PhotonUnityNetworking.Utilities.PhotonPlayer.Editor", "PhotonUnityNetworking.Utilities.PhotonPlayer.Editor.csproj", "{5860C470-15EF-061B-4D4C-630AB335F655}"
EndProject
Project("{FAE04EC0-301F-11D3-BF4B-00C04F79EFBC}") = "PunDemos.DemoSlotcarEditor", "PunDemos.DemoSlotcarEditor.csproj", "{D591E49B-C3DE-5D77-EB8F-13205487452D}"
EndProject
Project("{FAE04EC0-301F-11D3-BF4B-00C04F79EFBC}") = "PhotonUnityNetworking.Utilities.Culling.Editor", "PhotonUnityNetworking.Utilities.Culling.Editor.csproj", "{38B5BEC5-1E16-A437-6A8E-E6618904780C}"
EndProject
Project("{FAE04EC0-301F-11D3-BF4B-00C04F79EFBC}") = "PunDemos.DemoHubEditor", "PunDemos.DemoHubEditor.csproj", "{D7F91842-80B1-3A71-9FF4-75D1A97E75F6}"
EndProject
Project("{FAE04EC0-301F-11D3-BF4B-00C04F79EFBC}") = "Assembly-CSharp-Editor", "Assembly-CSharp-Editor.csproj", "{81E481B9-0003-C5AB-C9E4-51BA5CEEB391}"
EndProject
Global
	GlobalSection(SolutionConfigurationPlatforms) = preSolution
		Debug|Any CPU = Debug|Any CPU
		Release|Any CPU = Release|Any CPU
	EndGlobalSection
	GlobalSection(ProjectConfigurationPlatforms) = postSolution
		{FEE522B5-DCD7-56FE-B361-DABD0F6722CA}.Debug|Any CPU.ActiveCfg = Debug|Any CPU
		{FEE522B5-DCD7-56FE-B361-DABD0F6722CA}.Debug|Any CPU.Build.0 = Debug|Any CPU
		{FEE522B5-DCD7-56FE-B361-DABD0F6722CA}.Release|Any CPU.ActiveCfg = Release|Any CPU
		{FEE522B5-DCD7-56FE-B361-DABD0F6722CA}.Release|Any CPU.Build.0 = Release|Any CPU
		{7F972A8A-5FFC-1470-91A5-1BB7B05992C3}.Debug|Any CPU.ActiveCfg = Debug|Any CPU
		{7F972A8A-5FFC-1470-91A5-1BB7B05992C3}.Debug|Any CPU.Build.0 = Debug|Any CPU
		{7F972A8A-5FFC-1470-91A5-1BB7B05992C3}.Release|Any CPU.ActiveCfg = Release|Any CPU
		{7F972A8A-5FFC-1470-91A5-1BB7B05992C3}.Release|Any CPU.Build.0 = Release|Any CPU
		{2D2C1439-074F-20B7-7B19-F7617FC57E1F}.Debug|Any CPU.ActiveCfg = Debug|Any CPU
		{2D2C1439-074F-20B7-7B19-F7617FC57E1F}.Debug|Any CPU.Build.0 = Debug|Any CPU
		{2D2C1439-074F-20B7-7B19-F7617FC57E1F}.Release|Any CPU.ActiveCfg = Release|Any CPU
		{2D2C1439-074F-20B7-7B19-F7617FC57E1F}.Release|Any CPU.Build.0 = Release|Any CPU
		{DBD70A5F-5CFF-EC81-A789-DDDBC9BBDE95}.Debug|Any CPU.ActiveCfg = Debug|Any CPU
		{DBD70A5F-5CFF-EC81-A789-DDDBC9BBDE95}.Debug|Any CPU.Build.0 = Debug|Any CPU
		{DBD70A5F-5CFF-EC81-A789-DDDBC9BBDE95}.Release|Any CPU.ActiveCfg = Release|Any CPU
		{DBD70A5F-5CFF-EC81-A789-DDDBC9BBDE95}.Release|Any CPU.Build.0 = Release|Any CPU
		{3183D1BB-A3FB-5FFF-8441-3378E9EC3F07}.Debug|Any CPU.ActiveCfg = Debug|Any CPU
		{3183D1BB-A3FB-5FFF-8441-3378E9EC3F07}.Debug|Any CPU.Build.0 = Debug|Any CPU
		{3183D1BB-A3FB-5FFF-8441-3378E9EC3F07}.Release|Any CPU.ActiveCfg = Release|Any CPU
		{3183D1BB-A3FB-5FFF-8441-3378E9EC3F07}.Release|Any CPU.Build.0 = Release|Any CPU
		{9C9C033C-166C-E5F2-6181-F34DBC837E7F}.Debug|Any CPU.ActiveCfg = Debug|Any CPU
		{9C9C033C-166C-E5F2-6181-F34DBC837E7F}.Debug|Any CPU.Build.0 = Debug|Any CPU
		{9C9C033C-166C-E5F2-6181-F34DBC837E7F}.Release|Any CPU.ActiveCfg = Release|Any CPU
		{9C9C033C-166C-E5F2-6181-F34DBC837E7F}.Release|Any CPU.Build.0 = Release|Any CPU
		{0FFC82B1-B951-5D0C-4FC4-CF05C8D37097}.Debug|Any CPU.ActiveCfg = Debug|Any CPU
		{0FFC82B1-B951-5D0C-4FC4-CF05C8D37097}.Debug|Any CPU.Build.0 = Debug|Any CPU
		{0FFC82B1-B951-5D0C-4FC4-CF05C8D37097}.Release|Any CPU.ActiveCfg = Release|Any CPU
		{0FFC82B1-B951-5D0C-4FC4-CF05C8D37097}.Release|Any CPU.Build.0 = Release|Any CPU
		{5860C470-15EF-061B-4D4C-630AB335F655}.Debug|Any CPU.ActiveCfg = Debug|Any CPU
		{5860C470-15EF-061B-4D4C-630AB335F655}.Debug|Any CPU.Build.0 = Debug|Any CPU
		{5860C470-15EF-061B-4D4C-630AB335F655}.Release|Any CPU.ActiveCfg = Release|Any CPU
		{5860C470-15EF-061B-4D4C-630AB335F655}.Release|Any CPU.Build.0 = Release|Any CPU
		{D591E49B-C3DE-5D77-EB8F-13205487452D}.Debug|Any CPU.ActiveCfg = Debug|Any CPU
		{D591E49B-C3DE-5D77-EB8F-13205487452D}.Debug|Any CPU.Build.0 = Debug|Any CPU
		{D591E49B-C3DE-5D77-EB8F-13205487452D}.Release|Any CPU.ActiveCfg = Release|Any CPU
		{D591E49B-C3DE-5D77-EB8F-13205487452D}.Release|Any CPU.Build.0 = Release|Any CPU
		{38B5BEC5-1E16-A437-6A8E-E6618904780C}.Debug|Any CPU.ActiveCfg = Debug|Any CPU
		{38B5BEC5-1E16-A437-6A8E-E6618904780C}.Debug|Any CPU.Build.0 = Debug|Any CPU
		{38B5BEC5-1E16-A437-6A8E-E6618904780C}.Release|Any CPU.ActiveCfg = Release|Any CPU
		{38B5BEC5-1E16-A437-6A8E-E6618904780C}.Release|Any CPU.Build.0 = Release|Any CPU
		{D7F91842-80B1-3A71-9FF4-75D1A97E75F6}.Debug|Any CPU.ActiveCfg = Debug|Any CPU
		{D7F91842-80B1-3A71-9FF4-75D1A97E75F6}.Debug|Any CPU.Build.0 = Debug|Any CPU
		{D7F91842-80B1-3A71-9FF4-75D1A97E75F6}.Release|Any CPU.ActiveCfg = Release|Any CPU
		{D7F91842-80B1-3A71-9FF4-75D1A97E75F6}.Release|Any CPU.Build.0 = Release|Any CPU
		{81E481B9-0003-C5AB-C9E4-51BA5CEEB391}.Debug|Any CPU.ActiveCfg = Debug|Any CPU
		{81E481B9-0003-C5AB-C9E4-51BA5CEEB391}.Debug|Any CPU.Build.0 = Debug|Any CPU
		{81E481B9-0003-C5AB-C9E4-51BA5CEEB391}.Release|Any CPU.ActiveCfg = Release|Any CPU
		{81E481B9-0003-C5AB-C9E4-51BA5CEEB391}.Release|Any CPU.Build.0 = Release|Any CPU
	EndGlobalSection
	GlobalSection(SolutionProperties) = preSolution
		HideSolutionNode = FALSE
	EndGlobalSection
EndGlobal
